
Microsoft Visual Studio Solution File, Format Version 12.00
# Visual Studio Version 17
VisualStudioVersion = 17.14.36408.4 d17.14
MinimumVisualStudioVersion = 10.0.40219.1
Project("{FAE04EC0-301F-11D3-BF4B-00C04F79EFBC}") = "CarRental", "CarRental\CarRental.csproj", "{79EF7EA5-73F0-43DE-86E9-C9C9F9C07999}"
EndProject
Global
	GlobalSection(SolutionConfigurationPlatforms) = preSolution
		Debug|Any CPU = Debug|Any CPU
		Release|Any CPU = Release|Any CPU
	EndGlobalSection
	GlobalSection(ProjectConfigurationPlatforms) = postSolution
		{79EF7EA5-73F0-43DE-86E9-C9C9F9C07999}.Debug|Any CPU.ActiveCfg = Debug|Any CPU
		{79EF7EA5-73F0-43DE-86E9-C9C9F9C07999}.Debug|Any CPU.Build.0 = Debug|Any CPU
		{79EF7EA5-73F0-43DE-86E9-C9C9F9C07999}.Release|Any CPU.ActiveCfg = Release|Any CPU
		{79EF7EA5-73F0-43DE-86E9-C9C9F9C07999}.Release|Any CPU.Build.0 = Release|Any CPU
	EndGlobalSection
	GlobalSection(SolutionProperties) = preSolution
		HideSolutionNode = FALSE
	EndGlobalSection
	GlobalSection(ExtensibilityGlobals) = postSolution
		SolutionGuid = {0F569D1E-BEFC-4664-B587-4A9097F87FA2}
	EndGlobalSection
EndGlobal
